
Microsoft Visual Studio Solution File, Format Version 12.00
# Visual Studio Version 17
VisualStudioVersion = 17.6.33723.286
MinimumVisualStudioVersion = 10.0.40219.1
Project("{FAE04EC0-301F-11D3-BF4B-00C04F79EFBC}") = "Calculadora Examen", "Calculadora Examen.csproj", "{50B928B9-26F6-4FA3-960D-B132F51B8041}"
EndProject
Global
	GlobalSection(SolutionConfigurationPlatforms) = preSolution
		Debug|Any CPU = Debug|Any CPU
		Release|Any CPU = Release|Any CPU
	EndGlobalSection
	GlobalSection(ProjectConfigurationPlatforms) = postSolution
		{50B928B9-26F6-4FA3-960D-B132F51B8041}.Debug|Any CPU.ActiveCfg = Debug|Any CPU
		{50B928B9-26F6-4FA3-960D-B132F51B8041}.Debug|Any CPU.Build.0 = Debug|Any CPU
		{50B928B9-26F6-4FA3-960D-B132F51B8041}.Release|Any CPU.ActiveCfg = Release|Any CPU
		{50B928B9-26F6-4FA3-960D-B132F51B8041}.Release|Any CPU.Build.0 = Release|Any CPU
	EndGlobalSection
	GlobalSection(SolutionProperties) = preSolution
		HideSolutionNode = FALSE
	EndGlobalSection
	GlobalSection(ExtensibilityGlobals) = postSolution
		SolutionGuid = {238BF193-AF8D-4838-A95B-832D93193695}
	EndGlobalSection
EndGlobal
