
Microsoft Visual Studio Solution File, Format Version 12.00
# Visual Studio Version 17
VisualStudioVersion = 17.6.33829.357
MinimumVisualStudioVersion = 10.0.40219.1
Project("{F184B08F-C81C-45F6-A57F-5ABD9991F28F}") = "GeneradorDeContraseñas", "GeneradorDeContraseñas.vbproj", "{8D27ADA3-4F11-40CC-AABF-558C8C96202E}"
EndProject
Global
	GlobalSection(SolutionConfigurationPlatforms) = preSolution
		Debug|Any CPU = Debug|Any CPU
		Release|Any CPU = Release|Any CPU
	EndGlobalSection
	GlobalSection(ProjectConfigurationPlatforms) = postSolution
		{8D27ADA3-4F11-40CC-AABF-558C8C96202E}.Debug|Any CPU.ActiveCfg = Debug|Any CPU
		{8D27ADA3-4F11-40CC-AABF-558C8C96202E}.Debug|Any CPU.Build.0 = Debug|Any CPU
		{8D27ADA3-4F11-40CC-AABF-558C8C96202E}.Release|Any CPU.ActiveCfg = Release|Any CPU
		{8D27ADA3-4F11-40CC-AABF-558C8C96202E}.Release|Any CPU.Build.0 = Release|Any CPU
	EndGlobalSection
	GlobalSection(SolutionProperties) = preSolution
		HideSolutionNode = FALSE
	EndGlobalSection
	GlobalSection(ExtensibilityGlobals) = postSolution
		SolutionGuid = {9147DC44-6897-4E9A-BF4A-D559D195BFF6}
	EndGlobalSection
EndGlobal
