
Microsoft Visual Studio Solution File, Format Version 12.00
# Visual Studio Version 17
VisualStudioVersion = 17.6.33829.357
MinimumVisualStudioVersion = 10.0.40219.1
Project("{FAE04EC0-301F-11D3-BF4B-00C04F79EFBC}") = "Generador de Codigos", "Generador de Codigos.csproj", "{9F4BC883-8329-4B1D-9CF4-A616BC0C2BF9}"
EndProject
Global
	GlobalSection(SolutionConfigurationPlatforms) = preSolution
		Debug|Any CPU = Debug|Any CPU
		Release|Any CPU = Release|Any CPU
	EndGlobalSection
	GlobalSection(ProjectConfigurationPlatforms) = postSolution
		{9F4BC883-8329-4B1D-9CF4-A616BC0C2BF9}.Debug|Any CPU.ActiveCfg = Debug|Any CPU
		{9F4BC883-8329-4B1D-9CF4-A616BC0C2BF9}.Debug|Any CPU.Build.0 = Debug|Any CPU
		{9F4BC883-8329-4B1D-9CF4-A616BC0C2BF9}.Release|Any CPU.ActiveCfg = Release|Any CPU
		{9F4BC883-8329-4B1D-9CF4-A616BC0C2BF9}.Release|Any CPU.Build.0 = Release|Any CPU
	EndGlobalSection
	GlobalSection(SolutionProperties) = preSolution
		HideSolutionNode = FALSE
	EndGlobalSection
	GlobalSection(ExtensibilityGlobals) = postSolution
		SolutionGuid = {83E29CF8-CBFD-4ECA-BBD0-0DA743C51394}
	EndGlobalSection
EndGlobal
